
Microsoft Visual Studio Solution File, Format Version 12.00
# Visual Studio Version 17
VisualStudioVersion = 17.14.36623.8 d17.14
MinimumVisualStudioVersion = 10.0.40219.1
Project("{FAE04EC0-301F-11D3-BF4B-00C04F79EFBC}") = "CRUDASPCS19795362", "CRUDASPCS19795362\CRUDASPCS19795362.csproj", "{26FFD879-E81A-4153-9A42-C03BBA56ADA3}"
EndProject
Global
	GlobalSection(SolutionConfigurationPlatforms) = preSolution
		Debug|Any CPU = Debug|Any CPU
		Release|Any CPU = Release|Any CPU
	EndGlobalSection
	GlobalSection(ProjectConfigurationPlatforms) = postSolution
		{26FFD879-E81A-4153-9A42-C03BBA56ADA3}.Debug|Any CPU.ActiveCfg = Debug|Any CPU
		{26FFD879-E81A-4153-9A42-C03BBA56ADA3}.Debug|Any CPU.Build.0 = Debug|Any CPU
		{26FFD879-E81A-4153-9A42-C03BBA56ADA3}.Release|Any CPU.ActiveCfg = Release|Any CPU
		{26FFD879-E81A-4153-9A42-C03BBA56ADA3}.Release|Any CPU.Build.0 = Release|Any CPU
	EndGlobalSection
	GlobalSection(SolutionProperties) = preSolution
		HideSolutionNode = FALSE
	EndGlobalSection
	GlobalSection(ExtensibilityGlobals) = postSolution
		SolutionGuid = {500B745F-AFFA-49CD-9B5F-2E80A879CBCA}
	EndGlobalSection
EndGlobal
