
Microsoft Visual Studio Solution File, Format Version 12.00
# Visual Studio Version 17
VisualStudioVersion = 17.14.36623.8
MinimumVisualStudioVersion = 10.0.40219.1
Project("{FAE04EC0-301F-11D3-BF4B-00C04F79EFBC}") = "Razorr3_10266464", "RutasPracticaRodri\Razorr3_10266464.csproj", "{9D985846-24B8-4CDC-9476-9823E699553F}"
EndProject
Global
	GlobalSection(SolutionConfigurationPlatforms) = preSolution
		Debug|Any CPU = Debug|Any CPU
		Release|Any CPU = Release|Any CPU
	EndGlobalSection
	GlobalSection(ProjectConfigurationPlatforms) = postSolution
		{9D985846-24B8-4CDC-9476-9823E699553F}.Debug|Any CPU.ActiveCfg = Debug|Any CPU
		{9D985846-24B8-4CDC-9476-9823E699553F}.Debug|Any CPU.Build.0 = Debug|Any CPU
		{9D985846-24B8-4CDC-9476-9823E699553F}.Release|Any CPU.ActiveCfg = Release|Any CPU
		{9D985846-24B8-4CDC-9476-9823E699553F}.Release|Any CPU.Build.0 = Release|Any CPU
	EndGlobalSection
	GlobalSection(SolutionProperties) = preSolution
		HideSolutionNode = FALSE
	EndGlobalSection
	GlobalSection(ExtensibilityGlobals) = postSolution
		SolutionGuid = {BCC6BCC4-3378-4449-97DE-900A90BD34D1}
	EndGlobalSection
EndGlobal
